{
    "name": "js-facts",
    "version": "1.0.0",
    "lockfileVersion": 2,
    "requires": true,
    "packages": {
        "": {
            "version": "1.0.0",
            "license": "ISC",
            "dependencies": {
                "js-quantities": "^1.7.6",
                "wolfram-alpha-node": "^0.0.3"
            }
        },
        "node_modules/js-quantities": {
            "version": "1.7.6",
            "resolved": "https://registry.npmjs.org/js-quantities/-/js-quantities-1.7.6.tgz",
            "integrity": "sha512-h6TH1xK1u/zdjD26M6kKVthZONJSDTIRzrohbqOILfJAyanWHGlJLWuAWkSMtqi8k/IxshStsc97Pkf8SL9yvA=="
        },
        "node_modules/wolfram-alpha-node": {
            "version": "0.0.3",
            "resolved": "https://registry.npmjs.org/wolfram-alpha-node/-/wolfram-alpha-node-0.0.3.tgz",
            "integrity": "sha512-o0tahOEA9PCDr8WTW1ikj5Ch+PU4SeiDrQ75Y1YFiZ4bA9beIq+qBlZhsGwDLeo/gLiZ4gLP8U989VU0QOtQbg=="
        }
    },
    "dependencies": {
        "js-quantities": {
            "version": "1.7.6",
            "resolved": "https://registry.npmjs.org/js-quantities/-/js-quantities-1.7.6.tgz",
            "integrity": "sha512-h6TH1xK1u/zdjD26M6kKVthZONJSDTIRzrohbqOILfJAyanWHGlJLWuAWkSMtqi8k/IxshStsc97Pkf8SL9yvA=="
        },
        "wolfram-alpha-node": {
            "version": "0.0.3",
            "resolved": "https://registry.npmjs.org/wolfram-alpha-node/-/wolfram-alpha-node-0.0.3.tgz",
            "integrity": "sha512-o0tahOEA9PCDr8WTW1ikj5Ch+PU4SeiDrQ75Y1YFiZ4bA9beIq+qBlZhsGwDLeo/gLiZ4gLP8U989VU0QOtQbg=="
        }
    }
}
